
Microsoft Visual Studio Solution File, Format Version 12.00
# Visual Studio 15
Project("{FAE04EC0-301F-11D3-BF4B-00C04F79EFBC}") = "ActivityButton.Android", "ActivityButton.Android\ActivityButton.Android.csproj", "{26E2960C-8B81-4C9D-88F1-B64FF76F3E8A}"
EndProject
Project("{FAE04EC0-301F-11D3-BF4B-00C04F79EFBC}") = "ActivityButton.iOS", "ActivityButton.iOS\ActivityButton.iOS.csproj", "{970122C8-AB9B-4C22-9AB2-342299079F9F}"
EndProject
Project("{FAE04EC0-301F-11D3-BF4B-00C04F79EFBC}") = "ActivityButton", "ActivityButton\ActivityButton.csproj", "{6931ED81-2897-40A3-8BA6-10E7BB88441F}"
EndProject
Global
	GlobalSection(SolutionConfigurationPlatforms) = preSolution
		Debug|Any CPU = Debug|Any CPU
		Release|Any CPU = Release|Any CPU
		Debug|iPhoneSimulator = Debug|iPhoneSimulator
		Release|iPhoneSimulator = Release|iPhoneSimulator
		Debug|iPhone = Debug|iPhone
		Release|iPhone = Release|iPhone
		Ad-Hoc|iPhone = Ad-Hoc|iPhone
		AppStore|iPhone = AppStore|iPhone
	EndGlobalSection
	GlobalSection(ProjectConfigurationPlatforms) = postSolution
		{26E2960C-8B81-4C9D-88F1-B64FF76F3E8A}.Debug|Any CPU.ActiveCfg = Debug|Any CPU
		{26E2960C-8B81-4C9D-88F1-B64FF76F3E8A}.Debug|Any CPU.Build.0 = Debug|Any CPU
		{26E2960C-8B81-4C9D-88F1-B64FF76F3E8A}.Release|Any CPU.ActiveCfg = Release|Any CPU
		{26E2960C-8B81-4C9D-88F1-B64FF76F3E8A}.Release|Any CPU.Build.0 = Release|Any CPU
		{26E2960C-8B81-4C9D-88F1-B64FF76F3E8A}.Debug|iPhoneSimulator.ActiveCfg = Debug|Any CPU
		{26E2960C-8B81-4C9D-88F1-B64FF76F3E8A}.Debug|iPhoneSimulator.Build.0 = Debug|Any CPU
		{26E2960C-8B81-4C9D-88F1-B64FF76F3E8A}.Release|iPhoneSimulator.ActiveCfg = Release|Any CPU
		{26E2960C-8B81-4C9D-88F1-B64FF76F3E8A}.Release|iPhoneSimulator.Build.0 = Release|Any CPU
		{26E2960C-8B81-4C9D-88F1-B64FF76F3E8A}.Debug|iPhone.ActiveCfg = Debug|Any CPU
		{26E2960C-8B81-4C9D-88F1-B64FF76F3E8A}.Debug|iPhone.Build.0 = Debug|Any CPU
		{26E2960C-8B81-4C9D-88F1-B64FF76F3E8A}.Release|iPhone.ActiveCfg = Release|Any CPU
		{26E2960C-8B81-4C9D-88F1-B64FF76F3E8A}.Release|iPhone.Build.0 = Release|Any CPU
		{26E2960C-8B81-4C9D-88F1-B64FF76F3E8A}.Ad-Hoc|iPhone.ActiveCfg = Debug|Any CPU
		{26E2960C-8B81-4C9D-88F1-B64FF76F3E8A}.Ad-Hoc|iPhone.Build.0 = Debug|Any CPU
		{26E2960C-8B81-4C9D-88F1-B64FF76F3E8A}.AppStore|iPhone.ActiveCfg = Debug|Any CPU
		{26E2960C-8B81-4C9D-88F1-B64FF76F3E8A}.AppStore|iPhone.Build.0 = Debug|Any CPU
		{970122C8-AB9B-4C22-9AB2-342299079F9F}.Debug|Any CPU.ActiveCfg = Debug|iPhoneSimulator
		{970122C8-AB9B-4C22-9AB2-342299079F9F}.Debug|Any CPU.Build.0 = Debug|iPhoneSimulator
		{970122C8-AB9B-4C22-9AB2-342299079F9F}.Release|Any CPU.ActiveCfg = Release|iPhoneSimulator
		{970122C8-AB9B-4C22-9AB2-342299079F9F}.Release|Any CPU.Build.0 = Release|iPhoneSimulator
		{970122C8-AB9B-4C22-9AB2-342299079F9F}.Debug|iPhoneSimulator.ActiveCfg = Debug|iPhoneSimulator
		{970122C8-AB9B-4C22-9AB2-342299079F9F}.Debug|iPhoneSimulator.Build.0 = Debug|iPhoneSimulator
		{970122C8-AB9B-4C22-9AB2-342299079F9F}.Release|iPhoneSimulator.ActiveCfg = Release|iPhoneSimulator
		{970122C8-AB9B-4C22-9AB2-342299079F9F}.Release|iPhoneSimulator.Build.0 = Release|iPhoneSimulator
		{970122C8-AB9B-4C22-9AB2-342299079F9F}.Debug|iPhone.ActiveCfg = Debug|iPhone
		{970122C8-AB9B-4C22-9AB2-342299079F9F}.Debug|iPhone.Build.0 = Debug|iPhone
		{970122C8-AB9B-4C22-9AB2-342299079F9F}.Release|iPhone.ActiveCfg = Release|iPhone
		{970122C8-AB9B-4C22-9AB2-342299079F9F}.Release|iPhone.Build.0 = Release|iPhone
		{970122C8-AB9B-4C22-9AB2-342299079F9F}.Ad-Hoc|iPhone.ActiveCfg = Ad-Hoc|iPhone
		{970122C8-AB9B-4C22-9AB2-342299079F9F}.Ad-Hoc|iPhone.Build.0 = Ad-Hoc|iPhone
		{970122C8-AB9B-4C22-9AB2-342299079F9F}.AppStore|iPhone.ActiveCfg = AppStore|iPhone
		{970122C8-AB9B-4C22-9AB2-342299079F9F}.AppStore|iPhone.Build.0 = AppStore|iPhone
		{6931ED81-2897-40A3-8BA6-10E7BB88441F}.Debug|Any CPU.ActiveCfg = Debug|Any CPU
		{6931ED81-2897-40A3-8BA6-10E7BB88441F}.Debug|Any CPU.Build.0 = Debug|Any CPU
		{6931ED81-2897-40A3-8BA6-10E7BB88441F}.Release|Any CPU.ActiveCfg = Release|Any CPU
		{6931ED81-2897-40A3-8BA6-10E7BB88441F}.Release|Any CPU.Build.0 = Release|Any CPU
		{6931ED81-2897-40A3-8BA6-10E7BB88441F}.Debug|iPhoneSimulator.ActiveCfg = Debug|Any CPU
		{6931ED81-2897-40A3-8BA6-10E7BB88441F}.Debug|iPhoneSimulator.Build.0 = Debug|Any CPU
		{6931ED81-2897-40A3-8BA6-10E7BB88441F}.Release|iPhoneSimulator.ActiveCfg = Release|Any CPU
		{6931ED81-2897-40A3-8BA6-10E7BB88441F}.Release|iPhoneSimulator.Build.0 = Release|Any CPU
		{6931ED81-2897-40A3-8BA6-10E7BB88441F}.Debug|iPhone.ActiveCfg = Debug|Any CPU
		{6931ED81-2897-40A3-8BA6-10E7BB88441F}.Debug|iPhone.Build.0 = Debug|Any CPU
		{6931ED81-2897-40A3-8BA6-10E7BB88441F}.Release|iPhone.ActiveCfg = Release|Any CPU
		{6931ED81-2897-40A3-8BA6-10E7BB88441F}.Release|iPhone.Build.0 = Release|Any CPU
		{6931ED81-2897-40A3-8BA6-10E7BB88441F}.Ad-Hoc|iPhone.ActiveCfg = Debug|Any CPU
		{6931ED81-2897-40A3-8BA6-10E7BB88441F}.Ad-Hoc|iPhone.Build.0 = Debug|Any CPU
		{6931ED81-2897-40A3-8BA6-10E7BB88441F}.AppStore|iPhone.ActiveCfg = Debug|Any CPU
		{6931ED81-2897-40A3-8BA6-10E7BB88441F}.AppStore|iPhone.Build.0 = Debug|Any CPU
	EndGlobalSection
EndGlobal
